Microsoft Visual Studio Solution File, Format Version 12.00
# Visual Studio Version 17
VisualStudioVersion = 17.5.2.0
MinimumVisualStudioVersion = 10.0.40219.1
Project("{2150E333-8FDC-42A3-9474-1A3956D46DE8}") = "windows", "windows", "{AF50D07C-CBCD-524F-DB50-1B7C7AC32620}"
EndProject
Project("{2150E333-8FDC-42A3-9474-1A3956D46DE8}") = ".claude", ".claude", "{0AE7C77C-1A1D-D779-8C60-7AB6E4421D01}"
EndProject
Project("{FAE04EC0-301F-11D3-BF4B-00C04F79EFBC}") = "Ghostty", "windows\Ghostty\Ghostty.csproj", "{F9480B33-34F8-E69E-98AD-E66BC9D094F7}"
EndProject
Project("{FAE04EC0-301F-11D3-BF4B-00C04F79EFBC}") = "Ghostty.Tests", "windows\Ghostty.Tests\Ghostty.Tests.csproj", "{241D2BFF-9786-FF84-CF8A-3F8F395D9F11}"
EndProject
Project("{2150E333-8FDC-42A3-9474-1A3956D46DE8}") = "worktrees", "worktrees", "{79802797-6956-8DCE-3D78-6FFCDB44B84D}"
EndProject
Project("{2150E333-8FDC-42A3-9474-1A3956D46DE8}") = "agent-abee44de", "agent-abee44de", "{F8706892-D005-5FF5-4FC8-962850B3A30C}"
EndProject
Project("{2150E333-8FDC-42A3-9474-1A3956D46DE8}") = "windows", "windows", "{B759E5CF-E901-F10A-60BE-A2E9992A727C}"
EndProject
Project("{FAE04EC0-301F-11D3-BF4B-00C04F79EFBC}") = "Ghostty", ".claude\worktrees\agent-abee44de\windows\Ghostty\Ghostty.csproj", "{1B23285A-2B19-4A36-F8B2-E9A6A7BAAD9A}"
EndProject
Global
	GlobalSection(SolutionConfigurationPlatforms) = preSolution
		Debug|Any CPU = Debug|Any CPU
		Release|Any CPU = Release|Any CPU
	EndGlobalSection
	GlobalSection(ProjectConfigurationPlatforms) = postSolution
		{F9480B33-34F8-E69E-98AD-E66BC9D094F7}.Debug|Any CPU.ActiveCfg = Debug|Any CPU
		{F9480B33-34F8-E69E-98AD-E66BC9D094F7}.Debug|Any CPU.Build.0 = Debug|Any CPU
		{F9480B33-34F8-E69E-98AD-E66BC9D094F7}.Release|Any CPU.ActiveCfg = Release|Any CPU
		{F9480B33-34F8-E69E-98AD-E66BC9D094F7}.Release|Any CPU.Build.0 = Release|Any CPU
		{241D2BFF-9786-FF84-CF8A-3F8F395D9F11}.Debug|Any CPU.ActiveCfg = Debug|Any CPU
		{241D2BFF-9786-FF84-CF8A-3F8F395D9F11}.Debug|Any CPU.Build.0 = Debug|Any CPU
		{241D2BFF-9786-FF84-CF8A-3F8F395D9F11}.Release|Any CPU.ActiveCfg = Release|Any CPU
		{241D2BFF-9786-FF84-CF8A-3F8F395D9F11}.Release|Any CPU.Build.0 = Release|Any CPU
		{1B23285A-2B19-4A36-F8B2-E9A6A7BAAD9A}.Debug|Any CPU.ActiveCfg = Debug|Any CPU
		{1B23285A-2B19-4A36-F8B2-E9A6A7BAAD9A}.Debug|Any CPU.Build.0 = Debug|Any CPU
		{1B23285A-2B19-4A36-F8B2-E9A6A7BAAD9A}.Release|Any CPU.ActiveCfg = Release|Any CPU
		{1B23285A-2B19-4A36-F8B2-E9A6A7BAAD9A}.Release|Any CPU.Build.0 = Release|Any CPU
	EndGlobalSection
	GlobalSection(SolutionProperties) = preSolution
		HideSolutionNode = FALSE
	EndGlobalSection
	GlobalSection(NestedProjects) = preSolution
		{F9480B33-34F8-E69E-98AD-E66BC9D094F7} = {AF50D07C-CBCD-524F-DB50-1B7C7AC32620}
		{241D2BFF-9786-FF84-CF8A-3F8F395D9F11} = {AF50D07C-CBCD-524F-DB50-1B7C7AC32620}
		{79802797-6956-8DCE-3D78-6FFCDB44B84D} = {0AE7C77C-1A1D-D779-8C60-7AB6E4421D01}
		{F8706892-D005-5FF5-4FC8-962850B3A30C} = {79802797-6956-8DCE-3D78-6FFCDB44B84D}
		{B759E5CF-E901-F10A-60BE-A2E9992A727C} = {F8706892-D005-5FF5-4FC8-962850B3A30C}
		{1B23285A-2B19-4A36-F8B2-E9A6A7BAAD9A} = {B759E5CF-E901-F10A-60BE-A2E9992A727C}
	EndGlobalSection
	GlobalSection(ExtensibilityGlobals) = postSolution
		SolutionGuid = {058C2588-6910-4534-95C9-9B68A8CB3470}
	EndGlobalSection
EndGlobal
