{
  "version": 1,
  "dependencies": {
    "net10.0-windows10.0.19041": {
      "Microsoft.Direct3D.DXC": {
        "type": "Direct",
        "requested": "[1.9.2602.24, )",
        "resolved": "1.9.2602.24",
        "contentHash": "KwQhd+Hhb5rhIFASjvAfUBBnKoCjaSlxkGGW+vBSuDTbselmf3c0mazvKcY+3p/skpH92/7Ude8peB48zGnSeA=="
      },
      "Microsoft.DotNet.ILCompiler": {
        "type": "Direct",
        "requested": "[10.0.12, )",
        "resolved": "10.0.12",
        "contentHash": "AawF393Q+VkdrnrnI1gu612zh5iqpa1AGSvnKCQ3IkMgSKJXIQbO1sXYRgEzOU4f0cPZ6MaCCF29xZSGWlmbuQ=="
      },
      "Microsoft.NET.ILLink.Tasks": {
        "type": "Direct",
        "requested": "[10.0.12, )",
        "resolved": "10.0.12",
        "contentHash": "xi+BDjFpW+Sb+MHFHaH6Y/gV9I8BluFwRXc1QyCdoZbIK26eNiBeFuMTe/FMwc33G1wdHCyDg7CVTmb8OdQrMQ=="
      },
      "Microsoft.Windows.Console.ConPTY": {
        "type": "Direct",
        "requested": "[1.25.260427001-preview, )",
        "resolved": "1.25.260427001-preview",
        "contentHash": "v3K7WFlRDHUvHoVesg1kDT1yAVqk5dNUnGcA93EZBf1xnQ6TNXEfiMgE9oogxsohdI2T+I6S6Mk5JQ1bR9mSVg=="
      },
      "Microsoft.Windows.CsWin32": {
        "type": "Direct",
        "requested": "[0.3.269, )",
        "resolved": "0.3.269",
        "contentHash": "O4GVJ0ymxcoFRGS07VcoEClj7A9PIciHIjWDrPymzonhYlOfM7V0ZqGBUK19cUH3BPca9MfSOH0KLK/9JzQ8+Q==",
        "dependencies": {
          "Microsoft.Windows.SDK.Win32Docs": "0.1.42-alpha",
          "Microsoft.Windows.SDK.Win32Metadata": "69.0.7-preview",
          "Microsoft.Windows.WDK.Win32Metadata": "0.13.25-experimental"
        }
      },
      "Microsoft.Windows.SDK.BuildTools": {
        "type": "Direct",
        "requested": "[10.0.26100.7705, )",
        "resolved": "10.0.26100.7705",
        "contentHash": "HhD3TweZMpyor2t7vRJgJrASHJDWcDjYWQB2HSqsYWvpB10K8KgkdmXLtGUoKYwoztyIV2k1vjt1DdVsYs8jWw=="
      },
      "Microsoft.WindowsAppSDK": {
        "type": "Direct",
        "requested": "[2.2.0, )",
        "resolved": "2.2.0",
        "contentHash": "kUgzkxWkqxUNpUwDU4mnNwlkDwSO8sO1SiUTFXD2YKW+SKTVB4rJjqmOLqMgBQbz4yfs+dLjmpeKXtV4Uf9c/Q==",
        "dependencies": {
          "Microsoft.WindowsAppSDK.AI": "2.2.3",
          "Microsoft.WindowsAppSDK.Base": "2.0.4",
          "Microsoft.WindowsAppSDK.DWrite": "2.1.0",
          "Microsoft.WindowsAppSDK.Foundation": "2.1.0",
          "Microsoft.WindowsAppSDK.InteractiveExperiences": "2.0.15",
          "Microsoft.WindowsAppSDK.ML": "2.1.70",
          "Microsoft.WindowsAppSDK.Runtime": "[2.2.0]",
          "Microsoft.WindowsAppSDK.Widgets": "2.0.5",
          "Microsoft.WindowsAppSDK.WinUI": "2.2.1"
        }
      },
      "ExCSS": {
        "type": "Transitive",
        "resolved": "4.3.0",
        "contentHash": "LyVZ925Cl6Z4TJrbogt3+DkvanYWZcJs0tzKg8lWHAY9PgniVMluNy+l5vXDMmvt5gBgekULasEnUqVAavPuZw=="
      },
      "HarfBuzzSharp": {
        "type": "Transitive",
        "resolved": "8.3.0.1",
        "contentHash": "rwLpl+W6uqu0DuvzqNhTMuFcXfy1Vc0uq0YXgPEmtTSfeUSAye1FcARrm2YIPOSiCBwBOGu3cLvMX5Fp6OKe2g==",
        "dependencies": {
          "HarfBuzzSharp.NativeAssets.Win32": "8.3.0.1"
        }
      },
      "HarfBuzzSharp.NativeAssets.Win32": {
        "type": "Transitive",
        "resolved": "8.3.0.1",
        "contentHash": "ow0DtGEUjo65qhiI22of7qiVbN1xDFsZ5P5xJljRmGZ5WSxNy+1batLNJFGxahqhB1MTHYV8kAXf0GqC8WaevQ=="
      },
      "Microsoft.Extensions.DependencyInjection": {
        "type": "Transitive",
        "resolved": "9.0.0",
        "contentHash": "MCPrg7v3QgNMr0vX4vzRXvkNGgLg8vKWX0nKCWUxu2uPyMsaRgiRc1tHBnbTcfJMhMKj2slE/j2M9oGkd25DNw==",
        "dependencies": {
          "Microsoft.Extensions.DependencyInjection.Abstractions": "9.0.0"
        }
      },
      "Microsoft.Extensions.DependencyInjection.Abstractions": {
        "type": "Transitive",
        "resolved": "9.0.0",
        "contentHash": "+6f2qv2a3dLwd5w6JanPIPs47CxRbnk+ZocMJUhv9NxP88VlOcJYZs9jY+MYSjxvady08bUZn6qgiNh7DadGgg=="
      },
      "Microsoft.Extensions.Logging": {
        "type": "Transitive",
        "resolved": "9.0.0",
        "contentHash": "crjWyORoug0kK7RSNJBTeSE6VX8IQgLf3nUpTB9m62bPXp/tzbnOsnbe8TXEG0AASNaKZddnpHKw7fET8E++Pg==",
        "dependencies": {
          "Microsoft.Extensions.DependencyInjection": "9.0.0",
          "Microsoft.Extensions.Logging.Abstractions": "9.0.0",
          "Microsoft.Extensions.Options": "9.0.0"
        }
      },
      "Microsoft.Extensions.Logging.Abstractions": {
        "type": "Transitive",
        "resolved": "9.0.0",
        "contentHash": "g0UfujELzlLbHoVG8kPKVBaW470Ewi+jnptGS9KUi6jcb+k2StujtK3m26DFSGGwQ/+bVgZfsWqNzlP6YOejvw==",
        "dependencies": {
          "Microsoft.Extensions.DependencyInjection.Abstractions": "9.0.0"
        }
      },
      "Microsoft.Extensions.Logging.EventSource": {
        "type": "Transitive",
        "resolved": "9.0.0",
        "contentHash": "zvSjdOAb3HW3aJPM5jf+PR9UoIkoci9id80RXmBgrDEozWI0GDw8tdmpyZgZSwFDvGCwHFodFLNQaeH8879rlA==",
        "dependencies": {
          "Microsoft.Extensions.DependencyInjection.Abstractions": "9.0.0",
          "Microsoft.Extensions.Logging": "9.0.0",
          "Microsoft.Extensions.Logging.Abstractions": "9.0.0",
          "Microsoft.Extensions.Options": "9.0.0",
          "Microsoft.Extensions.Primitives": "9.0.0"
        }
      },
      "Microsoft.Extensions.Options": {
        "type": "Transitive",
        "resolved": "9.0.0",
        "contentHash": "y2146b3jrPI3Q0lokKXdKLpmXqakYbDIPDV6r3M8SqvSf45WwOTzkyfDpxnZXJsJQEpAsAqjUq5Pu8RCJMjubg==",
        "dependencies": {
          "Microsoft.Extensions.DependencyInjection.Abstractions": "9.0.0",
          "Microsoft.Extensions.Primitives": "9.0.0"
        }
      },
      "Microsoft.Extensions.Primitives": {
        "type": "Transitive",
        "resolved": "9.0.0",
        "contentHash": "N3qEBzmLMYiASUlKxxFIISP4AiwuPTHF5uCh+2CWSwwzAJiIYx0kBJsS30cp1nvhSySFAVi30jecD307jV+8Kg=="
      },
      "Microsoft.Web.WebView2": {
        "type": "Transitive",
        "resolved": "1.0.3719.77",
        "contentHash": "t+ucyKw5NTwMjsUrDF6R9Lk40lpcKQD1/HgyGFxl49tdA4h9dKlsj6FYGEmDRpFNfnTpENuTypMcdbrlkqBdDA=="
      },
      "Microsoft.Win32.SystemEvents": {
        "type": "Transitive",
        "resolved": "9.0.0",
        "contentHash": "z8FfGIaoeALdD+KF44A2uP8PZIQQtDGiXsOLuN8nohbKhkyKt7zGaZb+fKiCxTuBqG22Q7myIAioSWaIcOOrOw=="
      },
      "Microsoft.Windows.AI.MachineLearning": {
        "type": "Transitive",
        "resolved": "2.1.70",
        "contentHash": "3Ft/INx7j/paN68bttIWGsVCs/DNJEWtjm460Z5vyxIEiWHdtBFRi+bBVlu322+r8oqN1GZtB3QDV9qoY1w7mg==",
        "dependencies": {
          "System.Numerics.Tensors": "9.0.0"
        }
      },
      "Microsoft.Windows.SDK.BuildTools.MSIX": {
        "type": "Transitive",
        "resolved": "1.7.251221100",
        "contentHash": "f4aIZJ0NUth2403oxrpR+9rxVzZVI6dabqB21u8ncnk8eJAKCs9m77E4iYAnvP1YwrRe4axz3f8+yUcttNSfEA=="
      },
      "Microsoft.Windows.SDK.Win32Docs": {
        "type": "Transitive",
        "resolved": "0.1.42-alpha",
        "contentHash": "Z/9po23gUA9aoukirh2ItMU2ZS9++Js9Gdds9fu5yuMojDrmArvY2y+tq9985tR3cxFxpZO1O35Wjfo0khj5HA=="
      },
      "Microsoft.Windows.SDK.Win32Metadata": {
        "type": "Transitive",
        "resolved": "69.0.7-preview",
        "contentHash": "RJoNjQJVCIDNLPbvYuaygCFknTyAxOUE45of1voj0jjOgJa9MB2m1/G8L8F3IYc+2EFG5aqa/9y8PEx7Tk2tLQ=="
      },
      "Microsoft.Windows.WDK.Win32Metadata": {
        "type": "Transitive",
        "resolved": "0.13.25-experimental",
        "contentHash": "IM50tb/+UIwBr9FMr6ZKcZjCMW+Axo6NjGqKxgjUfyCY8dRnYUfrJEXxAaXoWtYP4X8EmASmC1Jtwh4XucseZg==",
        "dependencies": {
          "Microsoft.Windows.SDK.Win32Metadata": "63.0.31-preview"
        }
      },
      "Microsoft.WindowsAppSDK.AI": {
        "type": "Transitive",
        "resolved": "2.2.3",
        "contentHash": "q3VpuZIoqUJfMmd6HWNJKanpSqG4REI0iWyGzcEXl4yU4w1jR06HOoubcPQCToxnlYKEU0SUExghzw5CBExD4A==",
        "dependencies": {
          "Microsoft.WindowsAppSDK.Base": "2.0.4",
          "Microsoft.WindowsAppSDK.Foundation": "2.1.0"
        }
      },
      "Microsoft.WindowsAppSDK.Base": {
        "type": "Transitive",
        "resolved": "2.0.4",
        "contentHash": "QXSy2llX2/Bx9dYWGUEsb10F40q94ZiDnPMzqa2/qRmTG4y9EXxGp6uHITb7c0b4FCa+6KFBlgh6D53M0QEMEg==",
        "dependencies": {
          "Microsoft.Windows.SDK.BuildTools": "10.0.26100.4654",
          "Microsoft.Windows.SDK.BuildTools.MSIX": "1.7.251221100"
        }
      },
      "Microsoft.WindowsAppSDK.DWrite": {
        "type": "Transitive",
        "resolved": "2.1.0",
        "contentHash": "dgix7NSeo7Z8SZPyrsOqYm/6OUvBveHCiVyorYecmtDYoZW26dJ6/i9yveIxgWvmFpgfKXPeIuQBCvhbetHiYg==",
        "dependencies": {
          "Microsoft.WindowsAppSDK.Base": "2.0.3"
        }
      },
      "Microsoft.WindowsAppSDK.Foundation": {
        "type": "Transitive",
        "resolved": "2.1.0",
        "contentHash": "Urz1WrsXHYDHYrCPIWZlSTwgXwghEXlS6lY62Hk3vZE0GZ3hyYrMM7a+p6RrXC55GEgrRhOTRqXqcH2ZL/UWRA==",
        "dependencies": {
          "Microsoft.WindowsAppSDK.Base": "2.0.4",
          "Microsoft.WindowsAppSDK.InteractiveExperiences": "2.0.15"
        }
      },
      "Microsoft.WindowsAppSDK.InteractiveExperiences": {
        "type": "Transitive",
        "resolved": "2.0.15",
        "contentHash": "aQ9uzAIhTaN9zkclrtVg6kylpF+hESU+tC0bHarOCWdBz8ShZ7gt+gKwEmjKiqtPv6sRrRglyLLNVSPfb8KmMQ==",
        "dependencies": {
          "Microsoft.WindowsAppSDK.Base": "2.0.4"
        }
      },
      "Microsoft.WindowsAppSDK.ML": {
        "type": "Transitive",
        "resolved": "2.1.70",
        "contentHash": "Okbb/lBv2YBDH6bjhrMCQBANsopvZJjdu+ZFNVcx5LafM+dsjEVFBnPkakmA/rwRbuP+N4q/GYoKH60uwH9jRA==",
        "dependencies": {
          "Microsoft.Windows.AI.MachineLearning": "[2.1.70, 3.0.0)",
          "Microsoft.WindowsAppSDK.Base": "2.0.4",
          "Microsoft.WindowsAppSDK.Foundation": "2.0.21"
        }
      },
      "Microsoft.WindowsAppSDK.Runtime": {
        "type": "Transitive",
        "resolved": "2.2.0",
        "contentHash": "6wQYALaneLbZjl0oN4hoS9CB+0Jy5dlFHyw1G9Yg9hPPmZup5bACMdWMUom9ME06/8YOso4T42p3mm6l7cD+Kg==",
        "dependencies": {
          "Microsoft.WindowsAppSDK.Base": "2.0.4"
        }
      },
      "Microsoft.WindowsAppSDK.Widgets": {
        "type": "Transitive",
        "resolved": "2.0.5",
        "contentHash": "lRz+8+QU65gV8hRzLVE+GRsPKZ42lnzqkmsw96HzQd/DuFYfr4JYpUU7ZZ5YrkV2EfQe4BCmoRKAeZ3WwalMcg==",
        "dependencies": {
          "Microsoft.WindowsAppSDK.Base": "2.0.3"
        }
      },
      "Microsoft.WindowsAppSDK.WinUI": {
        "type": "Transitive",
        "resolved": "2.2.1",
        "contentHash": "w8KuqJB7IphDRXAGNVuRq+oGeoGycc4ZAraA+OIpsGm/boEKHLkwXmzNDaNrVlnsDpjxQFWE2XVp0hXjlWJqxw==",
        "dependencies": {
          "Microsoft.Web.WebView2": "1.0.3719.77",
          "Microsoft.WindowsAppSDK.Base": "2.0.4",
          "Microsoft.WindowsAppSDK.Foundation": "2.1.0",
          "Microsoft.WindowsAppSDK.InteractiveExperiences": "2.0.15"
        }
      },
      "ShimSkiaSharp": {
        "type": "Transitive",
        "resolved": "3.0.4",
        "contentHash": "ZJ/kF8PvBRRgc6EVi4PCds8VzvDwurwY/JQ7lKm/m6mQu9rHrRP8W3krWxcEcUUX2zj7E3Ddrd/0Ci5RE5QIqA=="
      },
      "SkiaSharp": {
        "type": "Transitive",
        "resolved": "3.119.1",
        "contentHash": "+Ru1BTSZQne3Vp+vbSb50Ke3Nlc3ZnItxx4+751J9WZ8YzLKAV/n+9DAo4zFTyeCI//ueT63c+VybmTTpYBEiw==",
        "dependencies": {
          "SkiaSharp.NativeAssets.Win32": "3.119.1"
        }
      },
      "SkiaSharp.HarfBuzz": {
        "type": "Transitive",
        "resolved": "3.116.1",
        "contentHash": "ibDG1+quN86vBd9ztjDAC9wnvS1nRZ6ydTUOSod4NsRHWdLLGzWYn1IOF4Cg9iJh5cQHdpzhUZBQE0JMKznrow==",
        "dependencies": {
          "HarfBuzzSharp": "8.3.0.1",
          "SkiaSharp": "3.116.1"
        }
      },
      "SkiaSharp.NativeAssets.Win32": {
        "type": "Transitive",
        "resolved": "3.119.1",
        "contentHash": "8C4GSXVJqSr0y3Tyyv5jz6MJSTVUyYkMjeKrzK+VyZPGLo89MNoUEclVuYahzOCDdtbfXrd2HtxXfDuvoSXrUw=="
      },
      "Svg.Custom": {
        "type": "Transitive",
        "resolved": "3.0.4",
        "contentHash": "dhWPtdtrY1wWcV0d4IQbUI1QJy+UUX9A/W5MMOKlhI4bjV8gL7Jz8FfBFLFzMUAn6+wRc1LywloWvG/OD5Q1ZQ==",
        "dependencies": {
          "ExCSS": "4.3.0"
        }
      },
      "Svg.Model": {
        "type": "Transitive",
        "resolved": "3.0.4",
        "contentHash": "2uGL85LpefYnAVB5n0+SEJVMaOFG/RJ96fK4/0mTZCNroaEdbXj83kD9LjusQl2fL1nJncMT6jIGM4v5AFz5uw==",
        "dependencies": {
          "ShimSkiaSharp": "3.0.4",
          "Svg.Custom": "3.0.4"
        }
      },
      "Svg.Skia": {
        "type": "Transitive",
        "resolved": "3.0.4",
        "contentHash": "9xyyF6FCKMYN1ykw+jc1Eco/zHnEF1RLwoLxn3liDqxzM0hGQlNlxrU4AJ29ZP3C73gIrXPwTSxH4Ap/TqQrxw==",
        "dependencies": {
          "SkiaSharp": "3.116.1",
          "SkiaSharp.HarfBuzz": "3.116.1",
          "Svg.Custom": "3.0.4",
          "Svg.Model": "3.0.4"
        }
      },
      "System.Drawing.Common": {
        "type": "Transitive",
        "resolved": "9.0.0",
        "contentHash": "uoozjI3+dlgKh2onFJcz8aNLh6TRCPlLSh8Dbuljc8CdvqXrxHOVysJlrHvlsOCqceqGBR1wrMPxlnzzhynktw==",
        "dependencies": {
          "Microsoft.Win32.SystemEvents": "9.0.0"
        }
      },
      "System.Numerics.Tensors": {
        "type": "Transitive",
        "resolved": "9.0.0",
        "contentHash": "hyJB4UlpAi19Xr9AXzu2NuagKC4lPfHObNMEAA0HmqFz2rX7wKgzeYzO/jM/eBHDhnUGFFEjk5cOoJaxqg5J4A=="
      },
      "System.Security.Cryptography.ProtectedData": {
        "type": "Transitive",
        "resolved": "9.0.0",
        "contentHash": "CJW+x/F6fmRQ7N6K8paasTw9PDZp4t7G76UjGNlSDgoHPF0h08vTzLYbLZpOLEJSg35d5wy2jCXGo84EN05DpQ=="
      },
      "ghostty.core": {
        "type": "Project",
        "dependencies": {
          "Microsoft.Extensions.Logging": "[9.0.0, )",
          "Microsoft.Extensions.Logging.Abstractions": "[9.0.0, )",
          "Microsoft.Extensions.Logging.EventSource": "[9.0.0, )",
          "SkiaSharp": "[3.119.1, )",
          "Svg.Skia": "[3.0.4, )",
          "System.Drawing.Common": "[9.0.0, )",
          "System.Security.Cryptography.ProtectedData": "[9.0.0, )"
        }
      }
    },
    "net10.0-windows10.0.19041/win-x64": {
      "Microsoft.DotNet.ILCompiler": {
        "type": "Direct",
        "requested": "[10.0.12, )",
        "resolved": "10.0.12",
        "contentHash": "AawF393Q+VkdrnrnI1gu612zh5iqpa1AGSvnKCQ3IkMgSKJXIQbO1sXYRgEzOU4f0cPZ6MaCCF29xZSGWlmbuQ==",
        "dependencies": {
          "runtime.win-x64.Microsoft.DotNet.ILCompiler": "10.0.12"
        }
      },
      "Microsoft.Windows.Console.ConPTY": {
        "type": "Direct",
        "requested": "[1.25.260427001-preview, )",
        "resolved": "1.25.260427001-preview",
        "contentHash": "v3K7WFlRDHUvHoVesg1kDT1yAVqk5dNUnGcA93EZBf1xnQ6TNXEfiMgE9oogxsohdI2T+I6S6Mk5JQ1bR9mSVg=="
      },
      "HarfBuzzSharp.NativeAssets.Win32": {
        "type": "Transitive",
        "resolved": "8.3.0.1",
        "contentHash": "ow0DtGEUjo65qhiI22of7qiVbN1xDFsZ5P5xJljRmGZ5WSxNy+1batLNJFGxahqhB1MTHYV8kAXf0GqC8WaevQ=="
      },
      "Microsoft.Web.WebView2": {
        "type": "Transitive",
        "resolved": "1.0.3719.77",
        "contentHash": "t+ucyKw5NTwMjsUrDF6R9Lk40lpcKQD1/HgyGFxl49tdA4h9dKlsj6FYGEmDRpFNfnTpENuTypMcdbrlkqBdDA=="
      },
      "Microsoft.Win32.SystemEvents": {
        "type": "Transitive",
        "resolved": "9.0.0",
        "contentHash": "z8FfGIaoeALdD+KF44A2uP8PZIQQtDGiXsOLuN8nohbKhkyKt7zGaZb+fKiCxTuBqG22Q7myIAioSWaIcOOrOw=="
      },
      "Microsoft.Windows.AI.MachineLearning": {
        "type": "Transitive",
        "resolved": "2.1.70",
        "contentHash": "3Ft/INx7j/paN68bttIWGsVCs/DNJEWtjm460Z5vyxIEiWHdtBFRi+bBVlu322+r8oqN1GZtB3QDV9qoY1w7mg==",
        "dependencies": {
          "System.Numerics.Tensors": "9.0.0"
        }
      },
      "Microsoft.WindowsAppSDK.Foundation": {
        "type": "Transitive",
        "resolved": "2.1.0",
        "contentHash": "Urz1WrsXHYDHYrCPIWZlSTwgXwghEXlS6lY62Hk3vZE0GZ3hyYrMM7a+p6RrXC55GEgrRhOTRqXqcH2ZL/UWRA==",
        "dependencies": {
          "Microsoft.WindowsAppSDK.Base": "2.0.4",
          "Microsoft.WindowsAppSDK.InteractiveExperiences": "2.0.15"
        }
      },
      "runtime.win-x64.Microsoft.DotNet.ILCompiler": {
        "type": "Transitive",
        "resolved": "10.0.12",
        "contentHash": "clsgU9GnioCJ+PBzQTCoJHxLXRU+7O/BzYrwRT8CUP7jgyYjNgJmNsQ/kbzAA7MG5kDvFoFvIBGHGzYdINh/EQ=="
      },
      "SkiaSharp.NativeAssets.Win32": {
        "type": "Transitive",
        "resolved": "3.119.1",
        "contentHash": "8C4GSXVJqSr0y3Tyyv5jz6MJSTVUyYkMjeKrzK+VyZPGLo89MNoUEclVuYahzOCDdtbfXrd2HtxXfDuvoSXrUw=="
      }
    }
  }
}